
Microsoft Visual Studio Solution File, Format Version 12.00
# Visual Studio 15
VisualStudioVersion = 15.0.27703.2026
MinimumVisualStudioVersion = 10.0.40219.1
Project("{8BC9CEB8-8B4A-11D0-8D11-00A0C91BC942}") = "Bank", "Bank\Bank.vcxproj", "{B06304D8-B691-458A-A22A-5354E4CBFBF5}"
EndProject
Global
	GlobalSection(SolutionConfigurationPlatforms) = preSolution
		Debug|x64 = Debug|x64
		Debug|x86 = Debug|x86
		Release|x64 = Release|x64
		Release|x86 = Release|x86
	EndGlobalSection
	GlobalSection(ProjectConfigurationPlatforms) = postSolution
		{B06304D8-B691-458A-A22A-5354E4CBFBF5}.Debug|x64.ActiveCfg = Debug|x64
		{B06304D8-B691-458A-A22A-5354E4CBFBF5}.Debug|x64.Build.0 = Debug|x64
		{B06304D8-B691-458A-A22A-5354E4CBFBF5}.Debug|x86.ActiveCfg = Debug|Win32
		{B06304D8-B691-458A-A22A-5354E4CBFBF5}.Debug|x86.Build.0 = Debug|Win32
		{B06304D8-B691-458A-A22A-5354E4CBFBF5}.Release|x64.ActiveCfg = Release|x64
		{B06304D8-B691-458A-A22A-5354E4CBFBF5}.Release|x64.Build.0 = Release|x64
		{B06304D8-B691-458A-A22A-5354E4CBFBF5}.Release|x86.ActiveCfg = Release|Win32
		{B06304D8-B691-458A-A22A-5354E4CBFBF5}.Release|x86.Build.0 = Release|Win32
	EndGlobalSection
	GlobalSection(SolutionProperties) = preSolution
		HideSolutionNode = FALSE
	EndGlobalSection
	GlobalSection(ExtensibilityGlobals) = postSolution
		SolutionGuid = {5273C265-0E29-46CF-852E-2EF8593208E5}
	EndGlobalSection
EndGlobal
